
Microsoft Visual Studio Solution File, Format Version 12.00
# Visual Studio Version 17
VisualStudioVersion = 17.0.31903.59
MinimumVisualStudioVersion = 10.0.40219.1
Project("{2150E333-8FDC-42A3-9474-1A3956D46DE8}") = "src", "src", "{827E0CD3-B72D-47B6-A68D-7590B98EB39B}"
EndProject
Project("{FAE04EC0-301F-11D3-BF4B-00C04F79EFBC}") = "AuthCenter.Domain", "src\AuthCenter.Domain\AuthCenter.Domain.csproj", "{1B12C57C-57E8-4261-AC03-EB6BCFEB5557}"
EndProject
Project("{FAE04EC0-301F-11D3-BF4B-00C04F79EFBC}") = "AuthCenter.Contracts", "src\AuthCenter.Contracts\AuthCenter.Contracts.csproj", "{222707E1-8CCA-494E-A2AB-F13BC638726B}"
EndProject
Project("{FAE04EC0-301F-11D3-BF4B-00C04F79EFBC}") = "AuthCenter.Application", "src\AuthCenter.Application\AuthCenter.Application.csproj", "{0A105B13-9984-45AB-9B61-8C2CDD94B5BF}"
EndProject
Project("{FAE04EC0-301F-11D3-BF4B-00C04F79EFBC}") = "AuthCenter.Infrastructure", "src\AuthCenter.Infrastructure\AuthCenter.Infrastructure.csproj", "{2D00FA77-E276-4AF7-AD37-A5A438842F7C}"
EndProject
Project("{FAE04EC0-301F-11D3-BF4B-00C04F79EFBC}") = "AuthCenter.Api", "src\AuthCenter.Api\AuthCenter.Api.csproj", "{C2B1C5D2-F028-4BED-A332-AE7145E7D1E1}"
EndProject
Project("{2150E333-8FDC-42A3-9474-1A3956D46DE8}") = "tests", "tests", "{0AB3BF05-4346-4AA6-1389-037BE0695223}"
EndProject
Project("{FAE04EC0-301F-11D3-BF4B-00C04F79EFBC}") = "AuthCenter.UnitTests", "tests\AuthCenter.UnitTests\AuthCenter.UnitTests.csproj", "{BE4337A1-7324-4927-9C8D-6F56192680D0}"
EndProject
Project("{FAE04EC0-301F-11D3-BF4B-00C04F79EFBC}") = "AuthCenter.IntegrationTests", "tests\AuthCenter.IntegrationTests\AuthCenter.IntegrationTests.csproj", "{05C6FAF1-9308-4F1E-B8A6-5F03462D34AA}"
EndProject
Project("{2150E333-8FDC-42A3-9474-1A3956D46DE8}") = "sdk", "sdk", "{FF13A09E-0E72-1904-124B-A4E979EF28D3}"
EndProject
Project("{2150E333-8FDC-42A3-9474-1A3956D46DE8}") = "dotnet", "dotnet", "{9D954F24-B3F1-FF05-00E7-71549D8DD0D6}"
EndProject
Project("{FAE04EC0-301F-11D3-BF4B-00C04F79EFBC}") = "AuthCenter.Client", "sdk\dotnet\AuthCenter.Client\AuthCenter.Client.csproj", "{549CD6D5-35CA-4278-A76B-C3FFB096FA30}"
EndProject
Project("{2150E333-8FDC-42A3-9474-1A3956D46DE8}") = "samples", "samples", "{5D20AA90-6969-D8BD-9DCD-8634F4692FDA}"
EndProject
Project("{2150E333-8FDC-42A3-9474-1A3956D46DE8}") = "dotnet-api", "dotnet-api", "{660EC7A8-D97F-D19C-7ABB-1EDF4CF578DF}"
EndProject
Project("{FAE04EC0-301F-11D3-BF4B-00C04F79EFBC}") = "AuthCenter.SampleApi", "samples\dotnet-api\AuthCenter.SampleApi.csproj", "{CCD40EB8-D3EF-4195-8646-18536F919FD2}"
EndProject
Project("{2150E333-8FDC-42A3-9474-1A3956D46DE8}") = "dotnet-web", "dotnet-web", "{56F3F4F1-20A3-F3E2-6C4E-D000E0D0D55C}"
EndProject
Project("{FAE04EC0-301F-11D3-BF4B-00C04F79EFBC}") = "AuthCenter.SampleWeb", "samples\dotnet-web\AuthCenter.SampleWeb.csproj", "{96C831EC-68D9-4137-B64E-1E05D46BB964}"
EndProject
Global
	GlobalSection(SolutionConfigurationPlatforms) = preSolution
		Debug|Any CPU = Debug|Any CPU
		Debug|x64 = Debug|x64
		Debug|x86 = Debug|x86
		Release|Any CPU = Release|Any CPU
		Release|x64 = Release|x64
		Release|x86 = Release|x86
	EndGlobalSection
	GlobalSection(ProjectConfigurationPlatforms) = postSolution
		{1B12C57C-57E8-4261-AC03-EB6BCFEB5557}.Debug|Any CPU.ActiveCfg = Debug|Any CPU
		{1B12C57C-57E8-4261-AC03-EB6BCFEB5557}.Debug|Any CPU.Build.0 = Debug|Any CPU
		{1B12C57C-57E8-4261-AC03-EB6BCFEB5557}.Debug|x64.ActiveCfg = Debug|Any CPU
		{1B12C57C-57E8-4261-AC03-EB6BCFEB5557}.Debug|x64.Build.0 = Debug|Any CPU
		{1B12C57C-57E8-4261-AC03-EB6BCFEB5557}.Debug|x86.ActiveCfg = Debug|Any CPU
		{1B12C57C-57E8-4261-AC03-EB6BCFEB5557}.Debug|x86.Build.0 = Debug|Any CPU
		{1B12C57C-57E8-4261-AC03-EB6BCFEB5557}.Release|Any CPU.ActiveCfg = Release|Any CPU
		{1B12C57C-57E8-4261-AC03-EB6BCFEB5557}.Release|Any CPU.Build.0 = Release|Any CPU
		{1B12C57C-57E8-4261-AC03-EB6BCFEB5557}.Release|x64.ActiveCfg = Release|Any CPU
		{1B12C57C-57E8-4261-AC03-EB6BCFEB5557}.Release|x64.Build.0 = Release|Any CPU
		{1B12C57C-57E8-4261-AC03-EB6BCFEB5557}.Release|x86.ActiveCfg = Release|Any CPU
		{1B12C57C-57E8-4261-AC03-EB6BCFEB5557}.Release|x86.Build.0 = Release|Any CPU
		{222707E1-8CCA-494E-A2AB-F13BC638726B}.Debug|Any CPU.ActiveCfg = Debug|Any CPU
		{222707E1-8CCA-494E-A2AB-F13BC638726B}.Debug|Any CPU.Build.0 = Debug|Any CPU
		{222707E1-8CCA-494E-A2AB-F13BC638726B}.Debug|x64.ActiveCfg = Debug|Any CPU
		{222707E1-8CCA-494E-A2AB-F13BC638726B}.Debug|x64.Build.0 = Debug|Any CPU
		{222707E1-8CCA-494E-A2AB-F13BC638726B}.Debug|x86.ActiveCfg = Debug|Any CPU
		{222707E1-8CCA-494E-A2AB-F13BC638726B}.Debug|x86.Build.0 = Debug|Any CPU
		{222707E1-8CCA-494E-A2AB-F13BC638726B}.Release|Any CPU.ActiveCfg = Release|Any CPU
		{222707E1-8CCA-494E-A2AB-F13BC638726B}.Release|Any CPU.Build.0 = Release|Any CPU
		{222707E1-8CCA-494E-A2AB-F13BC638726B}.Release|x64.ActiveCfg = Release|Any CPU
		{222707E1-8CCA-494E-A2AB-F13BC638726B}.Release|x64.Build.0 = Release|Any CPU
		{222707E1-8CCA-494E-A2AB-F13BC638726B}.Release|x86.ActiveCfg = Release|Any CPU
		{222707E1-8CCA-494E-A2AB-F13BC638726B}.Release|x86.Build.0 = Release|Any CPU
		{0A105B13-9984-45AB-9B61-8C2CDD94B5BF}.Debug|Any CPU.ActiveCfg = Debug|Any CPU
		{0A105B13-9984-45AB-9B61-8C2CDD94B5BF}.Debug|Any CPU.Build.0 = Debug|Any CPU
		{0A105B13-9984-45AB-9B61-8C2CDD94B5BF}.Debug|x64.ActiveCfg = Debug|Any CPU
		{0A105B13-9984-45AB-9B61-8C2CDD94B5BF}.Debug|x64.Build.0 = Debug|Any CPU
		{0A105B13-9984-45AB-9B61-8C2CDD94B5BF}.Debug|x86.ActiveCfg = Debug|Any CPU
		{0A105B13-9984-45AB-9B61-8C2CDD94B5BF}.Debug|x86.Build.0 = Debug|Any CPU
		{0A105B13-9984-45AB-9B61-8C2CDD94B5BF}.Release|Any CPU.ActiveCfg = Release|Any CPU
		{0A105B13-9984-45AB-9B61-8C2CDD94B5BF}.Release|Any CPU.Build.0 = Release|Any CPU
		{0A105B13-9984-45AB-9B61-8C2CDD94B5BF}.Release|x64.ActiveCfg = Release|Any CPU
		{0A105B13-9984-45AB-9B61-8C2CDD94B5BF}.Release|x64.Build.0 = Release|Any CPU
		{0A105B13-9984-45AB-9B61-8C2CDD94B5BF}.Release|x86.ActiveCfg = Release|Any CPU
		{0A105B13-9984-45AB-9B61-8C2CDD94B5BF}.Release|x86.Build.0 = Release|Any CPU
		{2D00FA77-E276-4AF7-AD37-A5A438842F7C}.Debug|Any CPU.ActiveCfg = Debug|Any CPU
		{2D00FA77-E276-4AF7-AD37-A5A438842F7C}.Debug|Any CPU.Build.0 = Debug|Any CPU
		{2D00FA77-E276-4AF7-AD37-A5A438842F7C}.Debug|x64.ActiveCfg = Debug|Any CPU
		{2D00FA77-E276-4AF7-AD37-A5A438842F7C}.Debug|x64.Build.0 = Debug|Any CPU
		{2D00FA77-E276-4AF7-AD37-A5A438842F7C}.Debug|x86.ActiveCfg = Debug|Any CPU
		{2D00FA77-E276-4AF7-AD37-A5A438842F7C}.Debug|x86.Build.0 = Debug|Any CPU
		{2D00FA77-E276-4AF7-AD37-A5A438842F7C}.Release|Any CPU.ActiveCfg = Release|Any CPU
		{2D00FA77-E276-4AF7-AD37-A5A438842F7C}.Release|Any CPU.Build.0 = Release|Any CPU
		{2D00FA77-E276-4AF7-AD37-A5A438842F7C}.Release|x64.ActiveCfg = Release|Any CPU
		{2D00FA77-E276-4AF7-AD37-A5A438842F7C}.Release|x64.Build.0 = Release|Any CPU
		{2D00FA77-E276-4AF7-AD37-A5A438842F7C}.Release|x86.ActiveCfg = Release|Any CPU
		{2D00FA77-E276-4AF7-AD37-A5A438842F7C}.Release|x86.Build.0 = Release|Any CPU
		{C2B1C5D2-F028-4BED-A332-AE7145E7D1E1}.Debug|Any CPU.ActiveCfg = Debug|Any CPU
		{C2B1C5D2-F028-4BED-A332-AE7145E7D1E1}.Debug|Any CPU.Build.0 = Debug|Any CPU
		{C2B1C5D2-F028-4BED-A332-AE7145E7D1E1}.Debug|x64.ActiveCfg = Debug|Any CPU
		{C2B1C5D2-F028-4BED-A332-AE7145E7D1E1}.Debug|x64.Build.0 = Debug|Any CPU
		{C2B1C5D2-F028-4BED-A332-AE7145E7D1E1}.Debug|x86.ActiveCfg = Debug|Any CPU
		{C2B1C5D2-F028-4BED-A332-AE7145E7D1E1}.Debug|x86.Build.0 = Debug|Any CPU
		{C2B1C5D2-F028-4BED-A332-AE7145E7D1E1}.Release|Any CPU.ActiveCfg = Release|Any CPU
		{C2B1C5D2-F028-4BED-A332-AE7145E7D1E1}.Release|Any CPU.Build.0 = Release|Any CPU
		{C2B1C5D2-F028-4BED-A332-AE7145E7D1E1}.Release|x64.ActiveCfg = Release|Any CPU
		{C2B1C5D2-F028-4BED-A332-AE7145E7D1E1}.Release|x64.Build.0 = Release|Any CPU
		{C2B1C5D2-F028-4BED-A332-AE7145E7D1E1}.Release|x86.ActiveCfg = Release|Any CPU
		{C2B1C5D2-F028-4BED-A332-AE7145E7D1E1}.Release|x86.Build.0 = Release|Any CPU
		{BE4337A1-7324-4927-9C8D-6F56192680D0}.Debug|Any CPU.ActiveCfg = Debug|Any CPU
		{BE4337A1-7324-4927-9C8D-6F56192680D0}.Debug|Any CPU.Build.0 = Debug|Any CPU
		{BE4337A1-7324-4927-9C8D-6F56192680D0}.Debug|x64.ActiveCfg = Debug|Any CPU
		{BE4337A1-7324-4927-9C8D-6F56192680D0}.Debug|x64.Build.0 = Debug|Any CPU
		{BE4337A1-7324-4927-9C8D-6F56192680D0}.Debug|x86.ActiveCfg = Debug|Any CPU
		{BE4337A1-7324-4927-9C8D-6F56192680D0}.Debug|x86.Build.0 = Debug|Any CPU
		{BE4337A1-7324-4927-9C8D-6F56192680D0}.Release|Any CPU.ActiveCfg = Release|Any CPU
		{BE4337A1-7324-4927-9C8D-6F56192680D0}.Release|Any CPU.Build.0 = Release|Any CPU
		{BE4337A1-7324-4927-9C8D-6F56192680D0}.Release|x64.ActiveCfg = Release|Any CPU
		{BE4337A1-7324-4927-9C8D-6F56192680D0}.Release|x64.Build.0 = Release|Any CPU
		{BE4337A1-7324-4927-9C8D-6F56192680D0}.Release|x86.ActiveCfg = Release|Any CPU
		{BE4337A1-7324-4927-9C8D-6F56192680D0}.Release|x86.Build.0 = Release|Any CPU
		{05C6FAF1-9308-4F1E-B8A6-5F03462D34AA}.Debug|Any CPU.ActiveCfg = Debug|Any CPU
		{05C6FAF1-9308-4F1E-B8A6-5F03462D34AA}.Debug|Any CPU.Build.0 = Debug|Any CPU
		{05C6FAF1-9308-4F1E-B8A6-5F03462D34AA}.Debug|x64.ActiveCfg = Debug|Any CPU
		{05C6FAF1-9308-4F1E-B8A6-5F03462D34AA}.Debug|x64.Build.0 = Debug|Any CPU
		{05C6FAF1-9308-4F1E-B8A6-5F03462D34AA}.Debug|x86.ActiveCfg = Debug|Any CPU
		{05C6FAF1-9308-4F1E-B8A6-5F03462D34AA}.Debug|x86.Build.0 = Debug|Any CPU
		{05C6FAF1-9308-4F1E-B8A6-5F03462D34AA}.Release|Any CPU.ActiveCfg = Release|Any CPU
		{05C6FAF1-9308-4F1E-B8A6-5F03462D34AA}.Release|Any CPU.Build.0 = Release|Any CPU
		{05C6FAF1-9308-4F1E-B8A6-5F03462D34AA}.Release|x64.ActiveCfg = Release|Any CPU
		{05C6FAF1-9308-4F1E-B8A6-5F03462D34AA}.Release|x64.Build.0 = Release|Any CPU
		{05C6FAF1-9308-4F1E-B8A6-5F03462D34AA}.Release|x86.ActiveCfg = Release|Any CPU
		{05C6FAF1-9308-4F1E-B8A6-5F03462D34AA}.Release|x86.Build.0 = Release|Any CPU
		{549CD6D5-35CA-4278-A76B-C3FFB096FA30}.Debug|Any CPU.ActiveCfg = Debug|Any CPU
		{549CD6D5-35CA-4278-A76B-C3FFB096FA30}.Debug|Any CPU.Build.0 = Debug|Any CPU
		{549CD6D5-35CA-4278-A76B-C3FFB096FA30}.Debug|x64.ActiveCfg = Debug|Any CPU
		{549CD6D5-35CA-4278-A76B-C3FFB096FA30}.Debug|x64.Build.0 = Debug|Any CPU
		{549CD6D5-35CA-4278-A76B-C3FFB096FA30}.Debug|x86.ActiveCfg = Debug|Any CPU
		{549CD6D5-35CA-4278-A76B-C3FFB096FA30}.Debug|x86.Build.0 = Debug|Any CPU
		{549CD6D5-35CA-4278-A76B-C3FFB096FA30}.Release|Any CPU.ActiveCfg = Release|Any CPU
		{549CD6D5-35CA-4278-A76B-C3FFB096FA30}.Release|Any CPU.Build.0 = Release|Any CPU
		{549CD6D5-35CA-4278-A76B-C3FFB096FA30}.Release|x64.ActiveCfg = Release|Any CPU
		{549CD6D5-35CA-4278-A76B-C3FFB096FA30}.Release|x64.Build.0 = Release|Any CPU
		{549CD6D5-35CA-4278-A76B-C3FFB096FA30}.Release|x86.ActiveCfg = Release|Any CPU
		{549CD6D5-35CA-4278-A76B-C3FFB096FA30}.Release|x86.Build.0 = Release|Any CPU
		{CCD40EB8-D3EF-4195-8646-18536F919FD2}.Debug|Any CPU.ActiveCfg = Debug|Any CPU
		{CCD40EB8-D3EF-4195-8646-18536F919FD2}.Debug|Any CPU.Build.0 = Debug|Any CPU
		{CCD40EB8-D3EF-4195-8646-18536F919FD2}.Debug|x64.ActiveCfg = Debug|Any CPU
		{CCD40EB8-D3EF-4195-8646-18536F919FD2}.Debug|x64.Build.0 = Debug|Any CPU
		{CCD40EB8-D3EF-4195-8646-18536F919FD2}.Debug|x86.ActiveCfg = Debug|Any CPU
		{CCD40EB8-D3EF-4195-8646-18536F919FD2}.Debug|x86.Build.0 = Debug|Any CPU
		{CCD40EB8-D3EF-4195-8646-18536F919FD2}.Release|Any CPU.ActiveCfg = Release|Any CPU
		{CCD40EB8-D3EF-4195-8646-18536F919FD2}.Release|Any CPU.Build.0 = Release|Any CPU
		{CCD40EB8-D3EF-4195-8646-18536F919FD2}.Release|x64.ActiveCfg = Release|Any CPU
		{CCD40EB8-D3EF-4195-8646-18536F919FD2}.Release|x64.Build.0 = Release|Any CPU
		{CCD40EB8-D3EF-4195-8646-18536F919FD2}.Release|x86.ActiveCfg = Release|Any CPU
		{CCD40EB8-D3EF-4195-8646-18536F919FD2}.Release|x86.Build.0 = Release|Any CPU
		{96C831EC-68D9-4137-B64E-1E05D46BB964}.Debug|Any CPU.ActiveCfg = Debug|Any CPU
		{96C831EC-68D9-4137-B64E-1E05D46BB964}.Debug|Any CPU.Build.0 = Debug|Any CPU
		{96C831EC-68D9-4137-B64E-1E05D46BB964}.Debug|x64.ActiveCfg = Debug|Any CPU
		{96C831EC-68D9-4137-B64E-1E05D46BB964}.Debug|x64.Build.0 = Debug|Any CPU
		{96C831EC-68D9-4137-B64E-1E05D46BB964}.Debug|x86.ActiveCfg = Debug|Any CPU
		{96C831EC-68D9-4137-B64E-1E05D46BB964}.Debug|x86.Build.0 = Debug|Any CPU
		{96C831EC-68D9-4137-B64E-1E05D46BB964}.Release|Any CPU.ActiveCfg = Release|Any CPU
		{96C831EC-68D9-4137-B64E-1E05D46BB964}.Release|Any CPU.Build.0 = Release|Any CPU
		{96C831EC-68D9-4137-B64E-1E05D46BB964}.Release|x64.ActiveCfg = Release|Any CPU
		{96C831EC-68D9-4137-B64E-1E05D46BB964}.Release|x64.Build.0 = Release|Any CPU
		{96C831EC-68D9-4137-B64E-1E05D46BB964}.Release|x86.ActiveCfg = Release|Any CPU
		{96C831EC-68D9-4137-B64E-1E05D46BB964}.Release|x86.Build.0 = Release|Any CPU
	EndGlobalSection
	GlobalSection(SolutionProperties) = preSolution
		HideSolutionNode = FALSE
	EndGlobalSection
	GlobalSection(NestedProjects) = preSolution
		{1B12C57C-57E8-4261-AC03-EB6BCFEB5557} = {827E0CD3-B72D-47B6-A68D-7590B98EB39B}
		{222707E1-8CCA-494E-A2AB-F13BC638726B} = {827E0CD3-B72D-47B6-A68D-7590B98EB39B}
		{0A105B13-9984-45AB-9B61-8C2CDD94B5BF} = {827E0CD3-B72D-47B6-A68D-7590B98EB39B}
		{2D00FA77-E276-4AF7-AD37-A5A438842F7C} = {827E0CD3-B72D-47B6-A68D-7590B98EB39B}
		{C2B1C5D2-F028-4BED-A332-AE7145E7D1E1} = {827E0CD3-B72D-47B6-A68D-7590B98EB39B}
		{BE4337A1-7324-4927-9C8D-6F56192680D0} = {0AB3BF05-4346-4AA6-1389-037BE0695223}
		{05C6FAF1-9308-4F1E-B8A6-5F03462D34AA} = {0AB3BF05-4346-4AA6-1389-037BE0695223}
		{9D954F24-B3F1-FF05-00E7-71549D8DD0D6} = {FF13A09E-0E72-1904-124B-A4E979EF28D3}
		{549CD6D5-35CA-4278-A76B-C3FFB096FA30} = {9D954F24-B3F1-FF05-00E7-71549D8DD0D6}
		{660EC7A8-D97F-D19C-7ABB-1EDF4CF578DF} = {5D20AA90-6969-D8BD-9DCD-8634F4692FDA}
		{CCD40EB8-D3EF-4195-8646-18536F919FD2} = {660EC7A8-D97F-D19C-7ABB-1EDF4CF578DF}
		{56F3F4F1-20A3-F3E2-6C4E-D000E0D0D55C} = {5D20AA90-6969-D8BD-9DCD-8634F4692FDA}
		{96C831EC-68D9-4137-B64E-1E05D46BB964} = {56F3F4F1-20A3-F3E2-6C4E-D000E0D0D55C}
	EndGlobalSection
EndGlobal
